
Microsoft Visual Studio Solution File, Format Version 12.00
# Visual Studio Version 17
VisualStudioVersion = 17.3.32929.385
MinimumVisualStudioVersion = 10.0.40219.1
Project("{FAE04EC0-301F-11D3-BF4B-00C04F79EFBC}") = "Emin tapsiriqi", "Emin tapsiriqi.csproj", "{92189724-FF3A-4EF3-BAB1-AA82BCF8117C}"
EndProject
Global
	GlobalSection(SolutionConfigurationPlatforms) = preSolution
		Debug|Any CPU = Debug|Any CPU
		Release|Any CPU = Release|Any CPU
	EndGlobalSection
	GlobalSection(ProjectConfigurationPlatforms) = postSolution
		{92189724-FF3A-4EF3-BAB1-AA82BCF8117C}.Debug|Any CPU.ActiveCfg = Debug|Any CPU
		{92189724-FF3A-4EF3-BAB1-AA82BCF8117C}.Debug|Any CPU.Build.0 = Debug|Any CPU
		{92189724-FF3A-4EF3-BAB1-AA82BCF8117C}.Release|Any CPU.ActiveCfg = Release|Any CPU
		{92189724-FF3A-4EF3-BAB1-AA82BCF8117C}.Release|Any CPU.Build.0 = Release|Any CPU
	EndGlobalSection
	GlobalSection(SolutionProperties) = preSolution
		HideSolutionNode = FALSE
	EndGlobalSection
	GlobalSection(ExtensibilityGlobals) = postSolution
		SolutionGuid = {8C8EA8D9-AAB0-4A0D-8A87-699BE8677060}
	EndGlobalSection
EndGlobal
